
Microsoft Visual Studio Solution File, Format Version 12.00
# Visual Studio Version 17
VisualStudioVersion = 17.11.35327.3
MinimumVisualStudioVersion = 10.0.40219.1
Project("{FAE04EC0-301F-11D3-BF4B-00C04F79EFBC}") = "WPF", "WPF\WPF.csproj", "{82332D34-AA8B-40F9-82B7-CF93250C8130}"
EndProject
Project("{FAE04EC0-301F-11D3-BF4B-00C04F79EFBC}") = "Core", "Core\Core.csproj", "{F30E2EBA-7866-467F-B0CD-750F0766B8E6}"
EndProject
Project("{FAE04EC0-301F-11D3-BF4B-00C04F79EFBC}") = "Tests", "Tests\Tests.csproj", "{F5ED27DE-06F3-472B-ABE3-4E67DBEB7B7C}"
EndProject
Global
	GlobalSection(SolutionConfigurationPlatforms) = preSolution
		Debug|Any CPU = Debug|Any CPU
		Release|Any CPU = Release|Any CPU
	EndGlobalSection
	GlobalSection(ProjectConfigurationPlatforms) = postSolution
		{82332D34-AA8B-40F9-82B7-CF93250C8130}.Debug|Any CPU.ActiveCfg = Debug|Any CPU
		{82332D34-AA8B-40F9-82B7-CF93250C8130}.Debug|Any CPU.Build.0 = Debug|Any CPU
		{82332D34-AA8B-40F9-82B7-CF93250C8130}.Release|Any CPU.ActiveCfg = Release|Any CPU
		{82332D34-AA8B-40F9-82B7-CF93250C8130}.Release|Any CPU.Build.0 = Release|Any CPU
		{F30E2EBA-7866-467F-B0CD-750F0766B8E6}.Debug|Any CPU.ActiveCfg = Debug|Any CPU
		{F30E2EBA-7866-467F-B0CD-750F0766B8E6}.Debug|Any CPU.Build.0 = Debug|Any CPU
		{F30E2EBA-7866-467F-B0CD-750F0766B8E6}.Release|Any CPU.ActiveCfg = Release|Any CPU
		{F30E2EBA-7866-467F-B0CD-750F0766B8E6}.Release|Any CPU.Build.0 = Release|Any CPU
		{F5ED27DE-06F3-472B-ABE3-4E67DBEB7B7C}.Debug|Any CPU.ActiveCfg = Debug|Any CPU
		{F5ED27DE-06F3-472B-ABE3-4E67DBEB7B7C}.Debug|Any CPU.Build.0 = Debug|Any CPU
		{F5ED27DE-06F3-472B-ABE3-4E67DBEB7B7C}.Release|Any CPU.ActiveCfg = Release|Any CPU
		{F5ED27DE-06F3-472B-ABE3-4E67DBEB7B7C}.Release|Any CPU.Build.0 = Release|Any CPU
	EndGlobalSection
	GlobalSection(SolutionProperties) = preSolution
		HideSolutionNode = FALSE
	EndGlobalSection
	GlobalSection(ExtensibilityGlobals) = postSolution
		SolutionGuid = {C7AF77F7-10D9-4F29-A11F-9E44D3E95813}
	EndGlobalSection
EndGlobal
